
Microsoft Visual Studio Solution File, Format Version 12.00
# Visual Studio 15
VisualStudioVersion = 15.0.28010.2048
MinimumVisualStudioVersion = 10.0.40219.1
Project("{9A19103F-16F7-4668-BE54-9A1E7A4F7556}") = "FunctionApp", "FunctionApp\FunctionApp.csproj", "{BB2A96E5-0F45-4883-914D-50E0D2C4B9F7}"
EndProject
Global
	GlobalSection(SolutionConfigurationPlatforms) = preSolution
		Debug|Any CPU = Debug|Any CPU
		Release|Any CPU = Release|Any CPU
	EndGlobalSection
	GlobalSection(ProjectConfigurationPlatforms) = postSolution
		{BB2A96E5-0F45-4883-914D-50E0D2C4B9F7}.Debug|Any CPU.ActiveCfg = Debug|Any CPU
		{BB2A96E5-0F45-4883-914D-50E0D2C4B9F7}.Debug|Any CPU.Build.0 = Debug|Any CPU
		{BB2A96E5-0F45-4883-914D-50E0D2C4B9F7}.Release|Any CPU.ActiveCfg = Release|Any CPU
		{BB2A96E5-0F45-4883-914D-50E0D2C4B9F7}.Release|Any CPU.Build.0 = Release|Any CPU
	EndGlobalSection
	GlobalSection(SolutionProperties) = preSolution
		HideSolutionNode = FALSE
	EndGlobalSection
	GlobalSection(ExtensibilityGlobals) = postSolution
		SolutionGuid = {2CD125C1-F900-424B-A500-A701563509CC}
	EndGlobalSection
EndGlobal
